
Microsoft Visual Studio Solution File, Format Version 12.00
# Visual Studio 15
VisualStudioVersion = 15.0.28010.2041
MinimumVisualStudioVersion = 10.0.40219.1
Project("{8BC9CEB8-8B4A-11D0-8D11-00A0C91BC942}") = "贪吃蛇后续", "贪吃蛇后续\贪吃蛇后续.vcxproj", "{39DD2273-3E57-48AB-BC51-F989D3935722}"
EndProject
Global
	GlobalSection(SolutionConfigurationPlatforms) = preSolution
		Debug|x64 = Debug|x64
		Debug|x86 = Debug|x86
		Release|x64 = Release|x64
		Release|x86 = Release|x86
	EndGlobalSection
	GlobalSection(ProjectConfigurationPlatforms) = postSolution
		{39DD2273-3E57-48AB-BC51-F989D3935722}.Debug|x64.ActiveCfg = Debug|x64
		{39DD2273-3E57-48AB-BC51-F989D3935722}.Debug|x64.Build.0 = Debug|x64
		{39DD2273-3E57-48AB-BC51-F989D3935722}.Debug|x86.ActiveCfg = Debug|Win32
		{39DD2273-3E57-48AB-BC51-F989D3935722}.Debug|x86.Build.0 = Debug|Win32
		{39DD2273-3E57-48AB-BC51-F989D3935722}.Release|x64.ActiveCfg = Release|x64
		{39DD2273-3E57-48AB-BC51-F989D3935722}.Release|x64.Build.0 = Release|x64
		{39DD2273-3E57-48AB-BC51-F989D3935722}.Release|x86.ActiveCfg = Release|Win32
		{39DD2273-3E57-48AB-BC51-F989D3935722}.Release|x86.Build.0 = Release|Win32
	EndGlobalSection
	GlobalSection(SolutionProperties) = preSolution
		HideSolutionNode = FALSE
	EndGlobalSection
	GlobalSection(ExtensibilityGlobals) = postSolution
		SolutionGuid = {DEAB8737-3AD4-42D2-AD37-A67EB66B4022}
	EndGlobalSection
EndGlobal
